
Microsoft Visual Studio Solution File, Format Version 12.00
# Visual Studio Version 17
VisualStudioVersion = 17.9.34714.143
MinimumVisualStudioVersion = 10.0.40219.1
Project("{8BC9CEB8-8B4A-11D0-8D11-00A0C91BC942}") = "BitManipulation", "BitManipulation\BitManipulation.vcxproj", "{3906483C-3973-4A3E-9A4F-C7694431667A}"
EndProject
Global
	GlobalSection(SolutionConfigurationPlatforms) = preSolution
		Debug|x64 = Debug|x64
		Debug|x86 = Debug|x86
		Release|x64 = Release|x64
		Release|x86 = Release|x86
	EndGlobalSection
	GlobalSection(ProjectConfigurationPlatforms) = postSolution
		{3906483C-3973-4A3E-9A4F-C7694431667A}.Debug|x64.ActiveCfg = Debug|x64
		{3906483C-3973-4A3E-9A4F-C7694431667A}.Debug|x64.Build.0 = Debug|x64
		{3906483C-3973-4A3E-9A4F-C7694431667A}.Debug|x86.ActiveCfg = Debug|Win32
		{3906483C-3973-4A3E-9A4F-C7694431667A}.Debug|x86.Build.0 = Debug|Win32
		{3906483C-3973-4A3E-9A4F-C7694431667A}.Release|x64.ActiveCfg = Release|x64
		{3906483C-3973-4A3E-9A4F-C7694431667A}.Release|x64.Build.0 = Release|x64
		{3906483C-3973-4A3E-9A4F-C7694431667A}.Release|x86.ActiveCfg = Release|Win32
		{3906483C-3973-4A3E-9A4F-C7694431667A}.Release|x86.Build.0 = Release|Win32
	EndGlobalSection
	GlobalSection(SolutionProperties) = preSolution
		HideSolutionNode = FALSE
	EndGlobalSection
	GlobalSection(ExtensibilityGlobals) = postSolution
		SolutionGuid = {7C03FE0B-E6B6-4ED8-80A5-08B780CF139D}
	EndGlobalSection
EndGlobal
